
Microsoft Visual Studio Solution File, Format Version 12.00
# Visual Studio Version 17
VisualStudioVersion = 17.4.33213.308
MinimumVisualStudioVersion = 10.0.40219.1
Project("{9A19103F-16F7-4668-BE54-9A1E7A4F7556}") = "MvcNet7", "MvcNet7\MvcNet7.csproj", "{E6B6E537-1014-4B12-8763-CBF50638C4A5}"
EndProject
Project("{FAE04EC0-301F-11D3-BF4B-00C04F79EFBC}") = "MvcNet7.Tests", "MvcNet7.Tests\MvcNet7.Tests.csproj", "{FA81CFBC-705E-404D-B92E-1CBF7B34FBEB}"
EndProject
Global
	GlobalSection(SolutionConfigurationPlatforms) = preSolution
		Debug|Any CPU = Debug|Any CPU
		Release|Any CPU = Release|Any CPU
	EndGlobalSection
	GlobalSection(ProjectConfigurationPlatforms) = postSolution
		{E6B6E537-1014-4B12-8763-CBF50638C4A5}.Debug|Any CPU.ActiveCfg = Debug|Any CPU
		{E6B6E537-1014-4B12-8763-CBF50638C4A5}.Debug|Any CPU.Build.0 = Debug|Any CPU
		{E6B6E537-1014-4B12-8763-CBF50638C4A5}.Release|Any CPU.ActiveCfg = Release|Any CPU
		{E6B6E537-1014-4B12-8763-CBF50638C4A5}.Release|Any CPU.Build.0 = Release|Any CPU
		{FA81CFBC-705E-404D-B92E-1CBF7B34FBEB}.Debug|Any CPU.ActiveCfg = Debug|Any CPU
		{FA81CFBC-705E-404D-B92E-1CBF7B34FBEB}.Debug|Any CPU.Build.0 = Debug|Any CPU
		{FA81CFBC-705E-404D-B92E-1CBF7B34FBEB}.Release|Any CPU.ActiveCfg = Release|Any CPU
		{FA81CFBC-705E-404D-B92E-1CBF7B34FBEB}.Release|Any CPU.Build.0 = Release|Any CPU
	EndGlobalSection
	GlobalSection(SolutionProperties) = preSolution
		HideSolutionNode = FALSE
	EndGlobalSection
	GlobalSection(ExtensibilityGlobals) = postSolution
		SolutionGuid = {D751AF34-4603-4C88-80F0-F40832D5B834}
	EndGlobalSection
EndGlobal
